
Microsoft Visual Studio Solution File, Format Version 12.00
# Visual Studio Version 16
VisualStudioVersion = 16.0.29911.84
MinimumVisualStudioVersion = 10.0.40219.1
Project("{9A19103F-16F7-4668-BE54-9A1E7A4F7556}") = "Jwt", "Jwt.csproj", "{D27BB474-03E2-4EE2-B4DF-051A213551AE}"
EndProject
Global
	GlobalSection(SolutionConfigurationPlatforms) = preSolution
		Debug|Any CPU = Debug|Any CPU
		Release|Any CPU = Release|Any CPU
	EndGlobalSection
	GlobalSection(ProjectConfigurationPlatforms) = postSolution
		{D27BB474-03E2-4EE2-B4DF-051A213551AE}.Debug|Any CPU.ActiveCfg = Debug|Any CPU
		{D27BB474-03E2-4EE2-B4DF-051A213551AE}.Debug|Any CPU.Build.0 = Debug|Any CPU
		{D27BB474-03E2-4EE2-B4DF-051A213551AE}.Release|Any CPU.ActiveCfg = Release|Any CPU
		{D27BB474-03E2-4EE2-B4DF-051A213551AE}.Release|Any CPU.Build.0 = Release|Any CPU
	EndGlobalSection
	GlobalSection(SolutionProperties) = preSolution
		HideSolutionNode = FALSE
	EndGlobalSection
	GlobalSection(ExtensibilityGlobals) = postSolution
		SolutionGuid = {BFA7FFB5-1556-45BF-A497-84CF96AB6BCC}
	EndGlobalSection
EndGlobal
